<?xml version="1.0" encoding="utf-8"?>
<Project ToolsVersion="4.0" xmlns="http://schemas.microsoft.com/developer/msbuild/2003">
  <ItemGroup>
    <Filter Include="Source Files">
      <UniqueIdentifier>{4FC737F1-C7A5-4376-A066-2A32D752A2FF}</UniqueIdentifier>
      <Extensions>cpp;c;cc;cxx;c++;cppm;ixx;def;odl;idl;hpj;bat;asm;asmx</Extensions>
    </Filter>
    <Filter Include="Header Files">
      <UniqueIdentifier>{93995380-89BD-4b04-88EB-625FBE52EBFB}</UniqueIdentifier>
      <Extensions>h;hh;hpp;hxx;h++;hm;inl;inc;ipp;xsd</Extensions>
    </Filter>
    <Filter Include="Resource Files">
      <UniqueIdentifier>{67DA6AB6-F800-4c08-8B7A-83BB121AAD01}</UniqueIdentifier>
      <Extensions>rc;ico;cur;bmp;dlg;rc2;rct;bin;rgs;gif;jpg;jpeg;jpe;resx;tiff;tif;png;wav;mfcribbon-ms</Extensions>
    </Filter>
    <Filter Include="Source Files\PhysicsEngine">
      <UniqueIdentifier>{bd880a10-06c0-465d-a054-09a4f056d91d}</UniqueIdentifier>
    </Filter>
    <Filter Include="Source Files\Components">
      <UniqueIdentifier>{aa3cd1f1-a772-42d1-9feb-3fb3b5113379}</UniqueIdentifier>
    </Filter>
    <Filter Include="Source Files\Systems">
      <UniqueIdentifier>{690182cf-168b-4c8f-b5cd-e1c6eeb94b28}</UniqueIdentifier>
    </Filter>
    <Filter Include="Ext">
      <UniqueIdentifier>{10ee0df2-6548-484d-8861-5a8e44f711c4}</UniqueIdentifier>
    </Filter>
  </ItemGroup>
  <ItemGroup>
    <ClCompile Include="main.cpp">
      <Filter>Source Files</Filter>
    </ClCompile>
    <ClCompile Include="Application.cpp">
      <Filter>Source Files</Filter>
    </ClCompile>
    <ClCompile Include="..\..\src\Camera.cpp">
      <Filter>Source Files</Filter>
    </ClCompile>
    <ClCompile Include="..\..\src\ComputeProgram.cpp">
      <Filter>Source Files</Filter>
    </ClCompile>
    <ClCompile Include="..\..\src\OpenGLUtils.cpp">
      <Filter>Source Files</Filter>
    </ClCompile>
    <ClCompile Include="..\..\src\Program.cpp">
      <Filter>Source Files</Filter>
    </ClCompile>
    <ClCompile Include="..\..\src\WindowManager.cpp">
      <Filter>Source Files</Filter>
    </ClCompile>
    <ClCompile Include="..\..\src\PrototypePhysicsEngine\P3BroadPhaseCollisionDetection.cpp">
      <Filter>Source Files\PhysicsEngine</Filter>
    </ClCompile>
    <ClCompile Include="..\..\src\PrototypePhysicsEngine\P3ConstraintSolver.cpp">
      <Filter>Source Files\PhysicsEngine</Filter>
    </ClCompile>
    <ClCompile Include="..\..\src\PrototypePhysicsEngine\P3DynamicsWorld.cpp">
      <Filter>Source Files\PhysicsEngine</Filter>
    </ClCompile>
    <ClCompile Include="..\..\src\PrototypePhysicsEngine\P3NarrowPhaseCollisionDetection.cpp">
      <Filter>Source Files\PhysicsEngine</Filter>
    </ClCompile>
    <ClCompile Include="..\..\src\PrototypePhysicsEngine\RigidBody.cpp">
      <Filter>Source Files\PhysicsEngine</Filter>
    </ClCompile>
    <ClCompile Include="..\..\ext\glad\src\glad.c">
      <Filter>Ext</Filter>
    </ClCompile>
    <ClCompile Include="..\..\src\GLSL.cpp">
      <Filter>Source Files</Filter>
    </ClCompile>
    <ClCompile Include="..\..\ext\imgui\imgui.cpp">
      <Filter>Ext</Filter>
    </ClCompile>
    <ClCompile Include="..\..\ext\imgui\imgui_demo.cpp">
      <Filter>Ext</Filter>
    </ClCompile>
    <ClCompile Include="..\..\ext\imgui\imgui_draw.cpp">
      <Filter>Ext</Filter>
    </ClCompile>
    <ClCompile Include="..\..\ext\imgui\imgui_widgets.cpp">
      <Filter>Ext</Filter>
    </ClCompile>
    <ClCompile Include="..\..\ext\imgui\examples\imgui_impl_glfw.cpp">
      <Filter>Ext</Filter>
    </ClCompile>
    <ClCompile Include="..\..\ext\imgui\examples\imgui_impl_opengl3.cpp">
      <Filter>Ext</Filter>
    </ClCompile>
    <ClCompile Include="..\..\src\Systems\RenderSystem.cpp">
      <Filter>Source Files\Systems</Filter>
    </ClCompile>
    <ClCompile Include="..\..\ext\tiny_obj_loader\tiny_obj_loader.cpp">
      <Filter>Ext</Filter>
    </ClCompile>
    <ClCompile Include="..\..\src\Shape.cpp">
      <Filter>Source Files</Filter>
    </ClCompile>
  </ItemGroup>
  <ItemGroup>
    <ClInclude Include="Application.h">
      <Filter>Header Files</Filter>
    </ClInclude>
    <ClInclude Include="..\..\src\Systems\RenderSystem.h">
      <Filter>Header Files</Filter>
    </ClInclude>
    <ClInclude Include="..\..\src\PrototypePhysicsEngine\BoundingVolume.h">
      <Filter>Header Files</Filter>
    </ClInclude>
    <ClInclude Include="..\..\src\PrototypePhysicsEngine\P3ConstraintSolver.h">
      <Filter>Header Files</Filter>
    </ClInclude>
    <ClInclude Include="..\..\src\PrototypePhysicsEngine\P3Integrator.h">
      <Filter>Header Files</Filter>
    </ClInclude>
    <ClInclude Include="..\..\src\PrototypePhysicsEngine\P3Transform.h">
      <Filter>Header Files</Filter>
    </ClInclude>
  </ItemGroup>
  <ItemGroup>
    <None Include="..\..\resources\shaders\assignMortonCodes.comp">
      <Filter>Resource Files</Filter>
    </None>
    <None Include="..\..\resources\shaders\buildParallelLinearBvh.comp">
      <Filter>Resource Files</Filter>
    </None>
    <None Include="..\..\resources\shaders\detectPairs.comp">
      <Filter>Resource Files</Filter>
    </None>
    <None Include="..\..\resources\shaders\fs.frag">
      <Filter>Resource Files</Filter>
    </None>
    <None Include="..\..\resources\shaders\ParticleBuffer.comp">
      <Filter>Resource Files</Filter>
    </None>
    <None Include="..\..\resources\shaders\sortLeafNodes.comp">
      <Filter>Resource Files</Filter>
    </None>
    <None Include="..\..\resources\shaders\triTriTest.comp">
      <Filter>Resource Files</Filter>
    </None>
    <None Include="..\..\resources\shaders\updateAabbs.comp">
      <Filter>Resource Files</Filter>
    </None>
    <None Include="..\..\resources\shaders\vs.vert">
      <Filter>Resource Files</Filter>
    </None>
  </ItemGroup>
</Project>