
Microsoft Visual Studio Solution File, Format Version 12.00
# Visual Studio Version 16
VisualStudioVersion = 16.0.30503.244
MinimumVisualStudioVersion = 10.0.40219.1
Project("{8BC9CEB8-8B4A-11D0-8D11-00A0C91BC942}") = "OpenGL-Compute-General", "OpenGL-Compute-General.vcxproj", "{122770DA-9936-4028-AAEA-93FCBE0EB4F7}"
EndProject
Project("{8BC9CEB8-8B4A-11D0-8D11-00A0C91BC942}") = "Rigid-Body-Simulator", "demos\Rigid-Body-Simulator\Rigid-Body-Simulator.vcxproj", "{09169636-7827-4BCA-8CDA-EB4538D9F97B}"
EndProject
Global
	GlobalSection(SolutionConfigurationPlatforms) = preSolution
		Debug|x64 = Debug|x64
		Debug|x86 = Debug|x86
		Release|x64 = Release|x64
		Release|x86 = Release|x86
	EndGlobalSection
	GlobalSection(ProjectConfigurationPlatforms) = postSolution
		{122770DA-9936-4028-AAEA-93FCBE0EB4F7}.Debug|x64.ActiveCfg = Debug|x64
		{122770DA-9936-4028-AAEA-93FCBE0EB4F7}.Debug|x64.Build.0 = Debug|x64
		{122770DA-9936-4028-AAEA-93FCBE0EB4F7}.Debug|x86.ActiveCfg = Debug|Win32
		{122770DA-9936-4028-AAEA-93FCBE0EB4F7}.Debug|x86.Build.0 = Debug|Win32
		{122770DA-9936-4028-AAEA-93FCBE0EB4F7}.Release|x64.ActiveCfg = Release|x64
		{122770DA-9936-4028-AAEA-93FCBE0EB4F7}.Release|x64.Build.0 = Release|x64
		{122770DA-9936-4028-AAEA-93FCBE0EB4F7}.Release|x86.ActiveCfg = Release|Win32
		{122770DA-9936-4028-AAEA-93FCBE0EB4F7}.Release|x86.Build.0 = Release|Win32
		{09169636-7827-4BCA-8CDA-EB4538D9F97B}.Debug|x64.ActiveCfg = Debug|x64
		{09169636-7827-4BCA-8CDA-EB4538D9F97B}.Debug|x64.Build.0 = Debug|x64
		{09169636-7827-4BCA-8CDA-EB4538D9F97B}.Debug|x86.ActiveCfg = Debug|Win32
		{09169636-7827-4BCA-8CDA-EB4538D9F97B}.Debug|x86.Build.0 = Debug|Win32
		{09169636-7827-4BCA-8CDA-EB4538D9F97B}.Release|x64.ActiveCfg = Release|x64
		{09169636-7827-4BCA-8CDA-EB4538D9F97B}.Release|x64.Build.0 = Release|x64
		{09169636-7827-4BCA-8CDA-EB4538D9F97B}.Release|x86.ActiveCfg = Release|Win32
		{09169636-7827-4BCA-8CDA-EB4538D9F97B}.Release|x86.Build.0 = Release|Win32
	EndGlobalSection
	GlobalSection(SolutionProperties) = preSolution
		HideSolutionNode = FALSE
	EndGlobalSection
	GlobalSection(ExtensibilityGlobals) = postSolution
		SolutionGuid = {CD6F2E0E-FC9C-40F8-8F57-99317C0FD6A7}
	EndGlobalSection
EndGlobal
